schema: '2.0'
stages:
  data_ingestion:
    cmd: python src/data_ingestion.py
    deps:
    - path: src/data_ingestion.py
      hash: md5
      md5: 4c5561c5f9719a043ddfe594f0fbe67d
      size: 3893
    params:
      params.yaml:
        data_ingestion.test_size: 0.1
    outs:
    - path: data/raw
      hash: md5
      md5: 9097e041a34df9054caed15688df1464.dir
      size: 484846
      nfiles: 2
  data_preprocessing:
    cmd: python src/data_preprocessing.py
    deps:
    - path: data/raw
      hash: md5
      md5: 9097e041a34df9054caed15688df1464.dir
      size: 484846
      nfiles: 2
    - path: src/data_preprocessing.py
      hash: md5
      md5: ae0059b79590609927f72e3c373f1865
      size: 3973
    outs:
    - path: data/interim
      hash: md5
      md5: 372e18bfa771372d41b683bc64b32377.dir
      size: 257605
      nfiles: 2
  feature_engineering:
    cmd: python src/feature_engineering.py
    deps:
    - path: data/interim
      hash: md5
      md5: 372e18bfa771372d41b683bc64b32377.dir
      size: 257605
      nfiles: 2
    - path: src/feature_engineering.py
      hash: md5
      md5: 125fabf655aaed1957039b1b1ee8ac54
      size: 3912
    outs:
    - path: data/processed
      hash: md5
      md5: 637b810378494407b2a10e5a0401d08e.dir
      size: 1172233
      nfiles: 2
  model_building:
    cmd: python src/model_building.py
    deps:
    - path: data/processed
      hash: md5
      md5: 637b810378494407b2a10e5a0401d08e.dir
      size: 1172233
      nfiles: 2
    - path: src/model_building.py
      hash: md5
      md5: b8211d4fca24abd0f09602108ec58924
      size: 4423
    outs:
    - path: models/model.pkl
      hash: md5
      md5: fd5d164d34f5215555ea550c23f5f078
      size: 858902
  model_evaluation:
    cmd: python src/model_evaluation.py
    deps:
    - path: models/model.pkl
      hash: md5
      md5: fd5d164d34f5215555ea550c23f5f078
      size: 858902
    - path: src/model_evaluation.py
      hash: md5
      md5: b08bc3b2ae7e8bbcfb7ad99dd72ce744
      size: 4640
    outs:
    - path: reports/metrics.json
      hash: md5
      md5: 130c5997ff30e96f25b8fb2914c7f440
      size: 145
