schema: '2.0'
stages:
  data_ingestion:
    cmd: python src/data_ingestion.py
    deps:
    - path: src/data_ingestion.py
      hash: md5
      md5: 4c5561c5f9719a043ddfe594f0fbe67d
      size: 3893
    params:
      params.yaml:
        data_ingestion.test_size: 0.3
    outs:
    - path: data/raw
      hash: md5
      md5: d26befd2dda9438254177d9000d9ba1f.dir
      size: 484846
      nfiles: 2
  data_preprocessing:
    cmd: python src/data_preprocessing.py
    deps:
    - path: data/raw
      hash: md5
      md5: d26befd2dda9438254177d9000d9ba1f.dir
      size: 484846
      nfiles: 2
    - path: src/data_preprocessing.py
      hash: md5
      md5: ae0059b79590609927f72e3c373f1865
      size: 3973
    outs:
    - path: data/interim
      hash: md5
      md5: 61ca13b2e20854a1f7bacbbcfeca409e.dir
      size: 262513
      nfiles: 2
  feature_engineering:
    cmd: python src/feature_engineering.py
    deps:
    - path: data/interim
      hash: md5
      md5: 61ca13b2e20854a1f7bacbbcfeca409e.dir
      size: 262513
      nfiles: 2
    - path: src/feature_engineering.py
      hash: md5
      md5: 125fabf655aaed1957039b1b1ee8ac54
      size: 3912
    outs:
    - path: data/processed
      hash: md5
      md5: 16fc8fd2b9933fd1b619917c03842d4c.dir
      size: 1187836
      nfiles: 2
  model_building:
    cmd: python src/model_building.py
    deps:
    - path: data/processed
      hash: md5
      md5: 16fc8fd2b9933fd1b619917c03842d4c.dir
      size: 1187836
      nfiles: 2
    - path: src/model_building.py
      hash: md5
      md5: b8211d4fca24abd0f09602108ec58924
      size: 4423
    outs:
    - path: models/model.pkl
      hash: md5
      md5: 46bb381d329fa2c849a1e1b3f0fd434b
      size: 890615
  model_evaluation:
    cmd: python src/model_evaluation.py
    deps:
    - path: models/model.pkl
      hash: md5
      md5: 46bb381d329fa2c849a1e1b3f0fd434b
      size: 890615
    - path: src/model_evaluation.py
      hash: md5
      md5: b08bc3b2ae7e8bbcfb7ad99dd72ce744
      size: 4640
    outs:
    - path: reports/metrics.json
      hash: md5
      md5: 8303f9f64dc773faa085d420c702964e
      size: 145
